
Microsoft Visual Studio Solution File, Format Version 12.00
# Visual Studio Version 16
VisualStudioVersion = 16.0.30804.86
MinimumVisualStudioVersion = 10.0.40219.1
Project("{E24C65DC-7377-472B-9ABA-BC803B73C61A}") = "Tic Tak Toe", ".", "{0B60C092-B11F-48A5-9F0C-70714E085600}"
	ProjectSection(WebsiteProperties) = preProject
		TargetFrameworkMoniker = ".NETFramework,Version%3Dv4.0"
		Debug.AspNetCompiler.VirtualPath = "/localhost_50554"
		Debug.AspNetCompiler.PhysicalPath = "..\..\..\Desktop\Project\Tic Tak Toe\"
		Debug.AspNetCompiler.TargetPath = "PrecompiledWeb\localhost_50554\"
		Debug.AspNetCompiler.Updateable = "true"
		Debug.AspNetCompiler.ForceOverwrite = "true"
		Debug.AspNetCompiler.FixedNames = "false"
		Debug.AspNetCompiler.Debug = "True"
		Release.AspNetCompiler.VirtualPath = "/localhost_50554"
		Release.AspNetCompiler.PhysicalPath = "..\..\..\Desktop\Project\Tic Tak Toe\"
		Release.AspNetCompiler.TargetPath = "PrecompiledWeb\localhost_50554\"
		Release.AspNetCompiler.Updateable = "true"
		Release.AspNetCompiler.ForceOverwrite = "true"
		Release.AspNetCompiler.FixedNames = "false"
		Release.AspNetCompiler.Debug = "False"
		VWDPort = "50554"
	EndProjectSection
EndProject
Global
	GlobalSection(SolutionConfigurationPlatforms) = preSolution
		Debug|Any CPU = Debug|Any CPU
	EndGlobalSection
	GlobalSection(ProjectConfigurationPlatforms) = postSolution
		{0B60C092-B11F-48A5-9F0C-70714E085600}.Debug|Any CPU.ActiveCfg = Debug|Any CPU
		{0B60C092-B11F-48A5-9F0C-70714E085600}.Debug|Any CPU.Build.0 = Debug|Any CPU
	EndGlobalSection
	GlobalSection(SolutionProperties) = preSolution
		HideSolutionNode = FALSE
	EndGlobalSection
	GlobalSection(ExtensibilityGlobals) = postSolution
		SolutionGuid = {717A9C7A-EB67-42AD-83F2-79CC7C0F5E24}
	EndGlobalSection
EndGlobal
